
Microsoft Visual Studio Solution File, Format Version 12.00
# Visual Studio Version 17
VisualStudioVersion = 17.7.34024.191
MinimumVisualStudioVersion = 10.0.40219.1
Project("{FAE04EC0-301F-11D3-BF4B-00C04F79EFBC}") = "Website_Course_AVG", "Website_Course_AVG.csproj", "{1D654EC0-2F1F-4482-A766-0F88A27FFB26}"
EndProject
Global
	GlobalSection(SolutionConfigurationPlatforms) = preSolution
		Debug|Any CPU = Debug|Any CPU
		Release|Any CPU = Release|Any CPU
	EndGlobalSection
	GlobalSection(ProjectConfigurationPlatforms) = postSolution
		{1D654EC0-2F1F-4482-A766-0F88A27FFB26}.Debug|Any CPU.ActiveCfg = Debug|Any CPU
		{1D654EC0-2F1F-4482-A766-0F88A27FFB26}.Debug|Any CPU.Build.0 = Debug|Any CPU
		{1D654EC0-2F1F-4482-A766-0F88A27FFB26}.Release|Any CPU.ActiveCfg = Release|Any CPU
		{1D654EC0-2F1F-4482-A766-0F88A27FFB26}.Release|Any CPU.Build.0 = Release|Any CPU
	EndGlobalSection
	GlobalSection(SolutionProperties) = preSolution
		HideSolutionNode = FALSE
	EndGlobalSection
	GlobalSection(ExtensibilityGlobals) = postSolution
		SolutionGuid = {71ACF081-329E-46CB-8F34-311271683A47}
	EndGlobalSection
EndGlobal
